{
  "name": "@eagleuse/plugin-api",
  "version": "1.0.3",
  "lockfileVersion": 3,
  "requires": true,
  "packages": {
    "": {
      "name": "@eagleuse/plugin-api",
      "version": "1.0.3",
      "license": "MIT",
      "dependencies": {
        "@eagleuse/prisma-client": "^1.0.2",
        "@eagleuse/utils": "^1.0.5",
        "@fastify/static": "^6.9.0",
        "fastify": "^4.13.0"
      },
      "devDependencies": {
        "@types/node": "^18.14.2",
        "nodemon": "^2.0.20"
      }
    },
    "../../node_modules/.pnpm/@fastify+static@6.9.0/node_modules/@fastify/static": {
      "version": "6.9.0",
      "license": "MIT",
      "dependencies": {
        "@fastify/accept-negotiator": "^1.0.0",
        "@fastify/send": "^2.0.0",
        "content-disposition": "^0.5.3",
        "fastify-plugin": "^4.0.0",
        "glob": "^8.0.1",
        "p-limit": "^3.1.0",
        "readable-stream": "^4.0.0"
      },
      "devDependencies": {
        "@fastify/compress": "^6.0.0",
        "@fastify/pre-commit": "^2.0.2",
        "@types/node": "^18.0.0",
        "@typescript-eslint/eslint-plugin": "^2.29.0",
        "@typescript-eslint/parser": "^2.29.0",
        "concat-stream": "^2.0.0",
        "coveralls": "^3.0.4",
        "eslint-plugin-typescript": "^0.14.0",
        "fastify": "^4.0.0-rc.2",
        "handlebars": "^4.7.6",
        "pino": "^8.4.2",
        "proxyquire": "^2.1.0",
        "simple-get": "^4.0.0",
        "snazzy": "^9.0.0",
        "standard": "^17.0.0",
        "tap": "^16.0.0",
        "tsd": "^0.25.0"
      }
    },
    "../../node_modules/.pnpm/@prisma+client@4.10.1_prisma@4.10.1/node_modules/@prisma/client": {
      "version": "4.10.1",
      "hasInstallScript": true,
      "license": "Apache-2.0",
      "dependencies": {
        "@prisma/engines-version": "4.10.1-2.aead147aa326ccb985dcfed5b065b4fdabd44b19"
      },
      "devDependencies": {
        "@faker-js/faker": "7.6.0",
        "@fast-check/jest": "1.6.0",
        "@jest/globals": "29.4.1",
        "@jest/test-sequencer": "29.4.1",
        "@opentelemetry/api": "1.4.0",
        "@opentelemetry/context-async-hooks": "1.9.1",
        "@opentelemetry/instrumentation": "0.35.1",
        "@opentelemetry/resources": "1.9.1",
        "@opentelemetry/sdk-trace-base": "1.9.1",
        "@opentelemetry/semantic-conventions": "1.9.1",
        "@prisma/debug": "4.10.1",
        "@prisma/engine-core": "4.10.1",
        "@prisma/engines": "4.10.1",
        "@prisma/fetch-engine": "4.10.1",
        "@prisma/generator-helper": "4.10.1",
        "@prisma/get-platform": "4.10.1",
        "@prisma/instrumentation": "4.10.1",
        "@prisma/internals": "4.10.1",
        "@prisma/migrate": "4.10.1",
        "@prisma/mini-proxy": "0.6.4",
        "@swc-node/register": "1.5.5",
        "@swc/core": "1.3.32",
        "@swc/jest": "0.2.24",
        "@timsuchanek/copy": "1.4.5",
        "@types/debug": "4.1.7",
        "@types/fs-extra": "9.0.13",
        "@types/jest": "29.4.0",
        "@types/js-levenshtein": "1.1.1",
        "@types/mssql": "8.1.2",
        "@types/node": "14.18.36",
        "@types/pg": "8.6.6",
        "@types/yeoman-generator": "5.2.11",
        "arg": "5.0.2",
        "benchmark": "2.1.4",
        "chalk": "4.1.2",
        "decimal.js": "10.4.3",
        "esbuild": "0.15.13",
        "execa": "5.1.1",
        "expect-type": "0.15.0",
        "flat-map-polyfill": "0.3.8",
        "fs-extra": "11.1.0",
        "fs-monkey": "1.0.3",
        "get-own-enumerable-property-symbols": "3.0.2",
        "globby": "11.1.0",
        "indent-string": "4.0.0",
        "is-obj": "2.0.0",
        "is-regexp": "2.1.0",
        "jest": "29.4.1",
        "jest-junit": "15.0.0",
        "jest-snapshot": "29.4.1",
        "js-levenshtein": "1.1.6",
        "klona": "2.0.6",
        "lz-string": "1.4.4",
        "mariadb": "3.0.2",
        "memfs": "3.4.13",
        "mssql": "9.1.1",
        "node-fetch": "2.6.9",
        "pg": "8.9.0",
        "pkg-up": "3.1.0",
        "pluralize": "8.0.0",
        "resolve": "1.22.1",
        "rimraf": "3.0.2",
        "simple-statistics": "7.8.2",
        "sort-keys": "4.2.0",
        "source-map-support": "0.5.21",
        "sql-template-tag": "5.0.3",
        "stacktrace-parser": "0.1.10",
        "strip-ansi": "6.0.1",
        "strip-indent": "3.0.0",
        "ts-jest": "29.0.5",
        "ts-node": "10.9.1",
        "ts-pattern": "4.1.3",
        "tsd": "0.21.0",
        "typescript": "4.9.5",
        "yeoman-generator": "5.7.0",
        "yo": "4.3.1",
        "zx": "7.1.1"
      },
      "engines": {
        "node": ">=14.17"
      },
      "peerDependencies": {
        "prisma": "*"
      },
      "peerDependenciesMeta": {
        "prisma": {
          "optional": true
        }
      }
    },
    "../../node_modules/.pnpm/dotenv@16.0.3/node_modules/dotenv": {
      "version": "16.0.3",
      "extraneous": true,
      "license": "BSD-2-Clause",
      "devDependencies": {
        "@types/node": "^17.0.9",
        "decache": "^4.6.1",
        "dtslint": "^3.7.0",
        "sinon": "^12.0.1",
        "standard": "^16.0.4",
        "standard-markdown": "^7.1.0",
        "standard-version": "^9.3.2",
        "tap": "^15.1.6",
        "tar": "^6.1.11",
        "typescript": "^4.5.4"
      },
      "engines": {
        "node": ">=12"
      }
    },
    "../../node_modules/.pnpm/express@4.18.2/node_modules/express": {
      "version": "4.18.2",
      "extraneous": true,
      "license": "MIT",
      "dependencies": {
        "accepts": "~1.3.8",
        "array-flatten": "1.1.1",
        "body-parser": "1.20.1",
        "content-disposition": "0.5.4",
        "content-type": "~1.0.4",
        "cookie": "0.5.0",
        "cookie-signature": "1.0.6",
        "debug": "2.6.9",
        "depd": "2.0.0",
        "encodeurl": "~1.0.2",
        "escape-html": "~1.0.3",
        "etag": "~1.8.1",
        "finalhandler": "1.2.0",
        "fresh": "0.5.2",
        "http-errors": "2.0.0",
        "merge-descriptors": "1.0.1",
        "methods": "~1.1.2",
        "on-finished": "2.4.1",
        "parseurl": "~1.3.3",
        "path-to-regexp": "0.1.7",
        "proxy-addr": "~2.0.7",
        "qs": "6.11.0",
        "range-parser": "~1.2.1",
        "safe-buffer": "5.2.1",
        "send": "0.18.0",
        "serve-static": "1.15.0",
        "setprototypeof": "1.2.0",
        "statuses": "2.0.1",
        "type-is": "~1.6.18",
        "utils-merge": "1.0.1",
        "vary": "~1.1.2"
      },
      "devDependencies": {
        "after": "0.8.2",
        "connect-redis": "3.4.2",
        "cookie-parser": "1.4.6",
        "cookie-session": "2.0.0",
        "ejs": "3.1.8",
        "eslint": "8.24.0",
        "express-session": "1.17.2",
        "hbs": "4.2.0",
        "marked": "0.7.0",
        "method-override": "3.0.0",
        "mocha": "10.0.0",
        "morgan": "1.10.0",
        "multiparty": "4.2.3",
        "nyc": "15.1.0",
        "pbkdf2-password": "1.2.1",
        "supertest": "6.3.0",
        "vhost": "~3.0.2"
      },
      "engines": {
        "node": ">= 0.10.0"
      }
    },
    "../../node_modules/.pnpm/fastify@4.13.0/node_modules/fastify": {
      "version": "4.13.0",
      "license": "MIT",
      "dependencies": {
        "@fastify/ajv-compiler": "^3.3.1",
        "@fastify/error": "^3.0.0",
        "@fastify/fast-json-stringify-compiler": "^4.1.0",
        "abstract-logging": "^2.0.1",
        "avvio": "^8.2.0",
        "fast-content-type-parse": "^1.0.0",
        "find-my-way": "^7.3.0",
        "light-my-request": "^5.6.1",
        "pino": "^8.5.0",
        "process-warning": "^2.0.0",
        "proxy-addr": "^2.0.7",
        "rfdc": "^1.3.0",
        "secure-json-parse": "^2.5.0",
        "semver": "^7.3.7",
        "tiny-lru": "^10.0.0"
      },
      "devDependencies": {
        "@fastify/pre-commit": "^2.0.2",
        "@sinclair/typebox": "^0.25.2",
        "@sinonjs/fake-timers": "^10.0.0",
        "@types/node": "^18.7.18",
        "@typescript-eslint/eslint-plugin": "^5.37.0",
        "@typescript-eslint/parser": "^5.37.0",
        "ajv": "^8.11.0",
        "ajv-errors": "^3.0.0",
        "ajv-formats": "^2.1.1",
        "ajv-i18n": "^4.2.0",
        "ajv-merge-patch": "^5.0.1",
        "branch-comparer": "^1.1.0",
        "eslint": "^8.23.1",
        "eslint-config-standard": "^17.0.0",
        "eslint-import-resolver-node": "^0.3.6",
        "eslint-plugin-import": "^2.26.0",
        "eslint-plugin-n": "^15.2.5",
        "eslint-plugin-promise": "^6.0.1",
        "fast-json-body": "^1.1.0",
        "fast-json-stringify": "^5.3.0",
        "fastify-plugin": "^4.2.1",
        "fluent-json-schema": "^4.0.0",
        "form-data": "^4.0.0",
        "h2url": "^0.2.0",
        "http-errors": "^2.0.0",
        "joi": "^17.6.0",
        "json-schema-to-ts": "^2.5.5",
        "JSONStream": "^1.3.5",
        "license-checker": "^25.0.1",
        "markdownlint-cli2": "^0.6.0",
        "proxyquire": "^2.1.3",
        "pump": "^3.0.0",
        "self-cert": "^2.0.0",
        "send": "^0.18.0",
        "simple-get": "^4.0.1",
        "snazzy": "^9.0.0",
        "split2": "^4.1.0",
        "standard": "^17.0.0",
        "tap": "^16.3.0",
        "tsd": "^0.25.0",
        "typescript": "^4.8.3",
        "undici": "^5.10.0",
        "vary": "^1.1.2",
        "yup": "^0.32.11"
      }
    },
    "../../node_modules/.pnpm/nodemon@2.0.20/node_modules/nodemon": {
      "version": "2.0.20",
      "dev": true,
      "license": "MIT",
      "dependencies": {
        "chokidar": "^3.5.2",
        "debug": "^3.2.7",
        "ignore-by-default": "^1.0.1",
        "minimatch": "^3.1.2",
        "pstree.remy": "^1.1.8",
        "semver": "^5.7.1",
        "simple-update-notifier": "^1.0.7",
        "supports-color": "^5.5.0",
        "touch": "^3.1.0",
        "undefsafe": "^2.0.5"
      },
      "bin": {
        "nodemon": "bin/nodemon.js"
      },
      "devDependencies": {
        "@commitlint/cli": "^11.0.0",
        "@commitlint/config-conventional": "^11.0.0",
        "async": "1.4.2",
        "coffee-script": "~1.7.1",
        "eslint": "^7.32.0",
        "husky": "^7.0.4",
        "mocha": "^2.5.3",
        "nyc": "^15.1.0",
        "proxyquire": "^1.8.0",
        "semantic-release": "^18.0.0",
        "should": "~4.0.0"
      },
      "engines": {
        "node": ">=8.10.0"
      },
      "funding": {
        "type": "opencollective",
        "url": "https://opencollective.com/nodemon"
      }
    },
    "../../node_modules/.pnpm/pino-pretty@9.3.0/node_modules/pino-pretty": {
      "version": "9.3.0",
      "license": "MIT",
      "dependencies": {
        "colorette": "^2.0.7",
        "dateformat": "^4.6.3",
        "fast-copy": "^3.0.0",
        "fast-safe-stringify": "^2.1.1",
        "help-me": "^4.0.1",
        "joycon": "^3.1.1",
        "minimist": "^1.2.6",
        "on-exit-leak-free": "^2.1.0",
        "pino-abstract-transport": "^1.0.0",
        "pump": "^3.0.0",
        "readable-stream": "^4.0.0",
        "secure-json-parse": "^2.4.0",
        "sonic-boom": "^3.0.0",
        "strip-json-comments": "^3.1.1"
      },
      "bin": {
        "pino-pretty": "bin.js"
      },
      "devDependencies": {
        "@types/node": "^18.0.0",
        "pino": "^8.0.0",
        "pre-commit": "^1.2.2",
        "rimraf": "^3.0.2",
        "snazzy": "^9.0.0",
        "standard": "^17.0.0",
        "tap": "^16.0.0",
        "tsd": "^0.25.0",
        "typescript": "^4.4.3"
      }
    },
    "../../node_modules/.pnpm/pino@8.10.0/node_modules/pino": {
      "version": "8.10.0",
      "license": "MIT",
      "dependencies": {
        "atomic-sleep": "^1.0.0",
        "fast-redact": "^3.1.1",
        "on-exit-leak-free": "^2.1.0",
        "pino-abstract-transport": "v1.0.0",
        "pino-std-serializers": "^6.0.0",
        "process-warning": "^2.0.0",
        "quick-format-unescaped": "^4.0.3",
        "real-require": "^0.2.0",
        "safe-stable-stringify": "^2.3.1",
        "sonic-boom": "^3.1.0",
        "thread-stream": "^2.0.0"
      },
      "bin": {
        "pino": "bin.js"
      },
      "devDependencies": {
        "@types/flush-write-stream": "^1.0.0",
        "@types/node": "^18.0.0",
        "@types/tap": "^15.0.6",
        "airtap": "4.0.4",
        "benchmark": "^2.1.4",
        "bole": "^4.0.0",
        "bunyan": "^1.8.14",
        "debug": "^4.3.4",
        "docsify-cli": "^4.4.4",
        "eslint": "^8.17.0",
        "eslint-config-standard": "^17.0.0",
        "eslint-plugin-import": "^2.26.0",
        "eslint-plugin-n": "^15.2.2",
        "eslint-plugin-node": "^11.1.0",
        "eslint-plugin-promise": "^6.0.0",
        "execa": "^5.0.0",
        "fastbench": "^1.0.1",
        "flush-write-stream": "^2.0.0",
        "import-fresh": "^3.2.1",
        "jest": "^29.0.3",
        "log": "^6.0.0",
        "loglevel": "^1.6.7",
        "pino-pretty": "^9.0.0",
        "pre-commit": "^1.2.2",
        "proxyquire": "^2.1.3",
        "pump": "^3.0.0",
        "rimraf": "^4.0.7",
        "semver": "^7.3.7",
        "split2": "^4.0.0",
        "steed": "^1.1.3",
        "strip-ansi": "^6.0.0",
        "tap": "^16.2.0",
        "tape": "^5.5.3",
        "through2": "^4.0.0",
        "ts-node": "^10.9.1",
        "tsd": "^0.24.1",
        "typescript": "^4.8.2",
        "winston": "^3.7.2"
      }
    },
    "../../node_modules/.pnpm/prisma@4.10.1/node_modules/prisma": {
      "version": "4.10.1",
      "hasInstallScript": true,
      "license": "Apache-2.0",
      "dependencies": {
        "@prisma/engines": "4.10.1"
      },
      "bin": {
        "prisma": "build/index.js",
        "prisma2": "build/index.js"
      },
      "devDependencies": {
        "@prisma/client": "4.10.1",
        "@prisma/debug": "4.10.1",
        "@prisma/fetch-engine": "4.10.1",
        "@prisma/generator-helper": "4.10.1",
        "@prisma/get-platform": "4.10.1",
        "@prisma/internals": "4.10.1",
        "@prisma/migrate": "4.10.1",
        "@prisma/studio": "0.481.0",
        "@prisma/studio-server": "0.481.0",
        "@swc/core": "1.3.32",
        "@swc/jest": "0.2.24",
        "@types/debug": "4.1.7",
        "@types/fs-extra": "9.0.13",
        "@types/jest": "29.4.0",
        "@types/rimraf": "3.0.2",
        "chalk": "4.1.2",
        "checkpoint-client": "1.1.23",
        "debug": "4.3.4",
        "dotenv": "16.0.3",
        "esbuild": "0.15.13",
        "execa": "5.1.1",
        "fast-deep-equal": "3.1.3",
        "fast-glob": "3.2.12",
        "fs-extra": "11.1.0",
        "fs-jetpack": "5.1.0",
        "get-port": "5.1.1",
        "global-dirs": "3.0.1",
        "is-installed-globally": "0.4.0",
        "jest": "29.4.1",
        "jest-junit": "15.0.0",
        "line-replace": "2.0.1",
        "log-update": "4.0.0",
        "node-fetch": "2.6.9",
        "open": "7.4.2",
        "pkg-up": "3.1.0",
        "resolve-pkg": "2.0.0",
        "rimraf": "3.0.2",
        "strip-ansi": "6.0.1",
        "ts-pattern": "4.1.3",
        "typescript": "4.9.5"
      },
      "engines": {
        "node": ">=14.17"
      }
    },
    "../prisma-client": {
      "name": "@eagleuse/prisma-client",
      "version": "1.0.1",
      "license": "MIT",
      "dependencies": {
        "@prisma/client": "^4.10.1",
        "prisma": "^4.10.1"
      }
    },
    "../prisma-client/node_modules/@prisma/client": {
      "resolved": "../../node_modules/.pnpm/@prisma+client@4.10.1_prisma@4.10.1/node_modules/@prisma/client",
      "link": true
    },
    "../prisma-client/node_modules/prisma": {
      "resolved": "../../node_modules/.pnpm/prisma@4.10.1/node_modules/prisma",
      "link": true
    },
    "../utils": {
      "name": "@eagleuse/utils",
      "version": "1.0.5",
      "license": "MIT",
      "dependencies": {
        "pino": "^8.10.0",
        "pino-pretty": "^9.3.0"
      }
    },
    "../utils/node_modules/pino": {
      "resolved": "../../node_modules/.pnpm/pino@8.10.0/node_modules/pino",
      "link": true
    },
    "../utils/node_modules/pino-pretty": {
      "resolved": "../../node_modules/.pnpm/pino-pretty@9.3.0/node_modules/pino-pretty",
      "link": true
    },
    "node_modules/@eagleuse/prisma-client": {
      "resolved": "../prisma-client",
      "link": true
    },
    "node_modules/@eagleuse/utils": {
      "resolved": "../utils",
      "link": true
    },
    "node_modules/@fastify/static": {
      "resolved": "../../node_modules/.pnpm/@fastify+static@6.9.0/node_modules/@fastify/static",
      "link": true
    },
    "node_modules/@types/node": {
      "version": "18.14.2",
      "resolved": "https://registry.npmjs.org/@types/node/-/node-18.14.2.tgz",
      "integrity": "sha512-1uEQxww3DaghA0RxqHx0O0ppVlo43pJhepY51OxuQIKHpjbnYLA7vcdwioNPzIqmC2u3I/dmylcqjlh0e7AyUA==",
      "dev": true
    },
    "node_modules/fastify": {
      "resolved": "../../node_modules/.pnpm/fastify@4.13.0/node_modules/fastify",
      "link": true
    },
    "node_modules/nodemon": {
      "resolved": "../../node_modules/.pnpm/nodemon@2.0.20/node_modules/nodemon",
      "link": true
    }
  }
}
